// !$*UTF8*$!
{
	archiveVersion = 1;
	classes = {
	};
	objectVersion = 46;
	objects = {

/* Begin PBXBuildFile section */
		F0CEE3201BFE966B00D15FC0 /* main.swift in Sources */ = {isa = PBXBuildFile; fileRef = F0CEE31F1BFE966B00D15FC0 /* main.swift */; };
		F0CEE3271BFE97BD00D15FC0 /* SwiftNet.swift in Sources */ = {isa = PBXBuildFile; fileRef = F0CEE3261BFE97BD00D15FC0 /* SwiftNet.swift */; };
/* End PBXBuildFile section */

/* Begin PBXCopyFilesBuildPhase section */
		F0CEE31A1BFE966B00D15FC0 /* CopyFiles */ = {
			isa = PBXCopyFilesBuildPhase;
			buildActionMask = 2147483647;
			dstPath = /usr/share/man/man1/;
			dstSubfolderSpec = 0;
			files = (
			);
			runOnlyForDeploymentPostprocessing = 1;
		};
/* End PBXCopyFilesBuildPhase section */

/* Begin PBXFileReference section */
		F0CEE31C1BFE966B00D15FC0 /* Swift-AI */ = {isa = PBXFileReference; explicitFileType = "compiled.mach-o.executable"; includeInIndex = 0; path = "Swift-AI"; sourceTree = BUILT_PRODUCTS_DIR; };
		F0CEE31F1BFE966B00D15FC0 /* main.swift */ = {isa = PBXFileReference; lastKnownFileType = sourcecode.swift; path = main.swift; sourceTree = "<group>"; };
		F0CEE3261BFE97BD00D15FC0 /* SwiftNet.swift */ = {isa = PBXFileReference; fileEncoding = 4; lastKnownFileType = sourcecode.swift; name = SwiftNet.swift; path = ../../Source/SwiftNet.swift; sourceTree = "<group>"; };
/* End PBXFileReference section */

/* Begin PBXFrameworksBuildPhase section */
		F0CEE3191BFE966B00D15FC0 /* Frameworks */ = {
			isa = PBXFrameworksBuildPhase;
			buildActionMask = 2147483647;
			files = (
			);
			runOnlyForDeploymentPostprocessing = 0;
		};
/* End PBXFrameworksBuildPhase section */

/* Begin PBXGroup section */
		F0CEE3131BFE966B00D15FC0 = {
			isa = PBXGroup;
			children = (
				F0CEE31E1BFE966B00D15FC0 /* Swift-AI */,
				F0CEE31D1BFE966B00D15FC0 /* Products */,
			);
			sourceTree = "<group>";
		};
		F0CEE31D1BFE966B00D15FC0 /* Products */ = {
			isa = PBXGroup;
			children = (
				F0CEE31C1BFE966B00D15FC0 /* Swift-AI */,
			);
			name = Products;
			sourceTree = "<group>";
		};
		F0CEE31E1BFE966B00D15FC0 /* Swift-AI */ = {
			isa = PBXGroup;
			children = (
				F0CEE31F1BFE966B00D15FC0 /* main.swift */,
				F0CEE3281BFE992300D15FC0 /* Neural Network */,
			);
			path = "Swift-AI";
			sourceTree = "<group>";
		};
		F0CEE3281BFE992300D15FC0 /* Neural Network */ = {
			isa = PBXGroup;
			children = (
				F0CEE3261BFE97BD00D15FC0 /* SwiftNet.swift */,
			);
			name = "Neural Network";
			sourceTree = "<group>";
		};
/* End PBXGroup section */

/* Begin PBXNativeTarget section */
		F0CEE31B1BFE966B00D15FC0 /* Swift-AI */ = {
			isa = PBXNativeTarget;
			buildConfigurationList = F0CEE3231BFE966B00D15FC0 /* Build configuration list for PBXNativeTarget "Swift-AI" */;
			buildPhases = (
				F0CEE3181BFE966B00D15FC0 /* Sources */,
				F0CEE3191BFE966B00D15FC0 /* Frameworks */,
				F0CEE31A1BFE966B00D15FC0 /* CopyFiles */,
			);
			buildRules = (
			);
			dependencies = (
			);
			name = "Swift-AI";
			productName = "Swift-AI";
			productReference = F0CEE31C1BFE966B00D15FC0 /* Swift-AI */;
			productType = "com.apple.product-type.tool";
		};
/* End PBXNativeTarget section */

/* Begin PBXProject section */
		F0CEE3141BFE966B00D15FC0 /* Project object */ = {
			isa = PBXProject;
			attributes = {
				LastSwiftUpdateCheck = 0710;
				LastUpgradeCheck = 0710;
				ORGANIZATIONNAME = Appsidian;
				TargetAttributes = {
					F0CEE31B1BFE966B00D15FC0 = {
						CreatedOnToolsVersion = 7.1;
					};
				};
			};
			buildConfigurationList = F0CEE3171BFE966B00D15FC0 /* Build configuration list for PBXProject "Swift-AI" */;
			compatibilityVersion = "Xcode 3.2";
			developmentRegion = English;
			hasScannedForEncodings = 0;
			knownRegions = (
				en,
			);
			mainGroup = F0CEE3131BFE966B00D15FC0;
			productRefGroup = F0CEE31D1BFE966B00D15FC0 /* Products */;
			projectDirPath = "";
			projectRoot = "";
			targets = (
				F0CEE31B1BFE966B00D15FC0 /* Swift-AI */,
			);
		};
/* End PBXProject section */

/* Begin PBXSourcesBuildPhase section */
		F0CEE3181BFE966B00D15FC0 /* Sources */ = {
			isa = PBXSourcesBuildPhase;
			buildActionMask = 2147483647;
			files = (
				F0CEE3201BFE966B00D15FC0 /* main.swift in Sources */,
				F0CEE3271BFE97BD00D15FC0 /* SwiftNet.swift in Sources */,
			);
			runOnlyForDeploymentPostprocessing = 0;
		};
/* End PBXSourcesBuildPhase section */

/* Begin XCBuildConfiguration section */
		F0CEE3211BFE966B00D15FC0 /* Debug */ = {
			isa = XCBuildConfiguration;
			buildSettings = {
				ALWAYS_SEARCH_USER_PATHS = NO;
				CLANG_CXX_LANGUAGE_STANDARD = "gnu++0x";
				CLANG_CXX_LIBRARY = "libc++";
				CLANG_ENABLE_MODULES = YES;
				CLANG_ENABLE_OBJC_ARC = YES;
				CLANG_WARN_BOOL_CONVERSION = YES;
				CLANG_WARN_CONSTANT_CONVERSION = YES;
				CLANG_WARN_DIRECT_OBJC_ISA_USAGE = YES_ERROR;
				CLANG_WARN_EMPTY_BODY = YES;
				CLANG_WARN_ENUM_CONVERSION = YES;
				CLANG_WARN_INT_CONVERSION = YES;
				CLANG_WARN_OBJC_ROOT_CLASS = YES_ERROR;
				CLANG_WARN_UNREACHABLE_CODE = YES;
				CLANG_WARN__DUPLICATE_METHOD_MATCH = YES;
				CODE_SIGN_IDENTITY = "-";
				COPY_PHASE_STRIP = NO;
				DEBUG_INFORMATION_FORMAT = dwarf;
				ENABLE_STRICT_OBJC_MSGSEND = YES;
				ENABLE_TESTABILITY = YES;
				GCC_C_LANGUAGE_STANDARD = gnu99;
				GCC_DYNAMIC_NO_PIC = NO;
				GCC_NO_COMMON_BLOCKS = YES;
				GCC_OPTIMIZATION_LEVEL = 0;
				GCC_PREPROCESSOR_DEFINITIONS = (
					"DEBUG=1",
					"$(inherited)",
				);
				GCC_WARN_64_TO_32_BIT_CONVERSION = YES;
				GCC_WARN_ABOUT_RETURN_TYPE = YES_ERROR;
				GCC_WARN_UNDECLARED_SELECTOR = YES;
				GCC_WARN_UNINITIALIZED_AUTOS = YES_AGGRESSIVE;
				GCC_WARN_UNUSED_FUNCTION = YES;
				GCC_WARN_UNUSED_VARIABLE = YES;
				MACOSX_DEPLOYMENT_TARGET = 10.11;
				MTL_ENABLE_DEBUG_INFO = YES;
				ONLY_ACTIVE_ARCH = YES;
				SDKROOT = macosx;
				SWIFT_OPTIMIZATION_LEVEL = "-Onone";
			};
			name = Debug;
		};
		F0CEE3221BFE966B00D15FC0 /* Release */ = {
			isa = XCBuildConfiguration;
			buildSettings = {
				ALWAYS_SEARCH_USER_PATHS = NO;
				CLANG_CXX_LANGUAGE_STANDARD = "gnu++0x";
				CLANG_CXX_LIBRARY = "libc++";
				CLANG_ENABLE_MODULES = YES;
				CLANG_ENABLE_OBJC_ARC = YES;
				CLANG_WARN_BOOL_CONVERSION = YES;
				CLANG_WARN_CONSTANT_CONVERSION = YES;
				CLANG_WARN_DIRECT_OBJC_ISA_USAGE = YES_ERROR;
				CLANG_WARN_EMPTY_BODY = YES;
				CLANG_WARN_ENUM_CONVERSION = YES;
				CLANG_WARN_INT_CONVERSION = YES;
				CLANG_WARN_OBJC_ROOT_CLASS = YES_ERROR;
				CLANG_WARN_UNREACHABLE_CODE = YES;
				CLANG_WARN__DUPLICATE_METHOD_MATCH = YES;
				CODE_SIGN_IDENTITY = "-";
				COPY_PHASE_STRIP = NO;
				DEBUG_INFORMATION_FORMAT = "dwarf-with-dsym";
				ENABLE_NS_ASSERTIONS = NO;
				ENABLE_STRICT_OBJC_MSGSEND = YES;
				GCC_C_LANGUAGE_STANDARD = gnu99;
				GCC_NO_COMMON_BLOCKS = YES;
				GCC_WARN_64_TO_32_BIT_CONVERSION = YES;
				GCC_WARN_ABOUT_RETURN_TYPE = YES_ERROR;
				GCC_WARN_UNDECLARED_SELECTOR = YES;
				GCC_WARN_UNINITIALIZED_AUTOS = YES_AGGRESSIVE;
				GCC_WARN_UNUSED_FUNCTION = YES;
				GCC_WARN_UNUSED_VARIABLE = YES;
				MACOSX_DEPLOYMENT_TARGET = 10.11;
				MTL_ENABLE_DEBUG_INFO = NO;
				SDKROOT = macosx;
			};
			name = Release;
		};
		F0CEE3241BFE966B00D15FC0 /* Debug */ = {
			isa = XCBuildConfiguration;
			buildSettings = {
				PRODUCT_NAME = "$(TARGET_NAME)";
			};
			name = Debug;
		};
		F0CEE3251BFE966B00D15FC0 /* Release */ = {
			isa = XCBuildConfiguration;
			buildSettings = {
				PRODUCT_NAME = "$(TARGET_NAME)";
			};
			name = Release;
		};
/* End XCBuildConfiguration section */

/* Begin XCConfigurationList section */
		F0CEE3171BFE966B00D15FC0 /* Build configuration list for PBXProject "Swift-AI" */ = {
			isa = XCConfigurationList;
			buildConfigurations = (
				F0CEE3211BFE966B00D15FC0 /* Debug */,
				F0CEE3221BFE966B00D15FC0 /* Release */,
			);
			defaultConfigurationIsVisible = 0;
			defaultConfigurationName = Release;
		};
		F0CEE3231BFE966B00D15FC0 /* Build configuration list for PBXNativeTarget "Swift-AI" */ = {
			isa = XCConfigurationList;
			buildConfigurations = (
				F0CEE3241BFE966B00D15FC0 /* Debug */,
				F0CEE3251BFE966B00D15FC0 /* Release */,
			);
			defaultConfigurationIsVisible = 0;
			defaultConfigurationName = Release;
		};
/* End XCConfigurationList section */
	};
	rootObject = F0CEE3141BFE966B00D15FC0 /* Project object */;
}
