// !$*UTF8*$!
{
	archiveVersion = 1;
	classes = {
	};
	objectVersion = 46;
	objects = {

/* Begin PBXBuildFile section */
		4258CD7D1C035289004A2682 /* SimpleTest.swift in Sources */ = {isa = PBXBuildFile; fileRef = 4258CD7C1C035289004A2682 /* SimpleTest.swift */; };
		F02FD22F1C02D38100A137C2 /* main.swift in Sources */ = {isa = PBXBuildFile; fileRef = F02FD22E1C02D38100A137C2 /* main.swift */; };
		F02FD2391C02D3BB00A137C2 /* SineWave.swift in Sources */ = {isa = PBXBuildFile; fileRef = F02FD2371C02D3BB00A137C2 /* SineWave.swift */; };
		F02FD23A1C02D3BB00A137C2 /* XOR.swift in Sources */ = {isa = PBXBuildFile; fileRef = F02FD2381C02D3BB00A137C2 /* XOR.swift */; };
		F074BC3B1C2137570061F59A /* t10k-images-idx3-ubyte in CopyFiles */ = {isa = PBXBuildFile; fileRef = F074BC331C2137200061F59A /* t10k-images-idx3-ubyte */; };
		F074BC3C1C2137570061F59A /* t10k-labels-idx1-ubyte in CopyFiles */ = {isa = PBXBuildFile; fileRef = F074BC341C2137200061F59A /* t10k-labels-idx1-ubyte */; };
		F074BC3D1C2137570061F59A /* train-images-idx3-ubyte in CopyFiles */ = {isa = PBXBuildFile; fileRef = F074BC351C2137200061F59A /* train-images-idx3-ubyte */; };
		F074BC3E1C2137570061F59A /* train-labels-idx1-ubyte in CopyFiles */ = {isa = PBXBuildFile; fileRef = F074BC361C2137200061F59A /* train-labels-idx1-ubyte */; };
		F074BC401C214E900061F59A /* FFNNStorage.swift in Sources */ = {isa = PBXBuildFile; fileRef = F074BC3F1C214E900061F59A /* FFNNStorage.swift */; };
		F0969D101C0FD37A009C3B4A /* FFNN.swift in Sources */ = {isa = PBXBuildFile; fileRef = F0969D0C1C0FD37A009C3B4A /* FFNN.swift */; };
		F0969D111C0FD37A009C3B4A /* Matrix.swift in Sources */ = {isa = PBXBuildFile; fileRef = F0969D0D1C0FD37A009C3B4A /* Matrix.swift */; };
		F0969D121C0FD37A009C3B4A /* Operations.swift in Sources */ = {isa = PBXBuildFile; fileRef = F0969D0E1C0FD37A009C3B4A /* Operations.swift */; };
		F0969D131C0FD37A009C3B4A /* Vector.swift in Sources */ = {isa = PBXBuildFile; fileRef = F0969D0F1C0FD37A009C3B4A /* Vector.swift */; };
		F0C5B8AF1C0647FC0016FF6F /* Storage.swift in Sources */ = {isa = PBXBuildFile; fileRef = F0C5B8AE1C0647FC0016FF6F /* Storage.swift */; };
		F0F382461C212B0A0065D2AF /* Handwriting.swift in Sources */ = {isa = PBXBuildFile; fileRef = F0F382451C212B0A0065D2AF /* Handwriting.swift */; };
/* End PBXBuildFile section */

/* Begin PBXCopyFilesBuildPhase section */
		F02FD2291C02D38100A137C2 /* CopyFiles */ = {
			isa = PBXCopyFilesBuildPhase;
			buildActionMask = 12;
			dstPath = "";
			dstSubfolderSpec = 7;
			files = (
				F074BC3B1C2137570061F59A /* t10k-images-idx3-ubyte in CopyFiles */,
				F074BC3C1C2137570061F59A /* t10k-labels-idx1-ubyte in CopyFiles */,
				F074BC3D1C2137570061F59A /* train-images-idx3-ubyte in CopyFiles */,
				F074BC3E1C2137570061F59A /* train-labels-idx1-ubyte in CopyFiles */,
			);
			runOnlyForDeploymentPostprocessing = 0;
		};
/* End PBXCopyFilesBuildPhase section */

/* Begin PBXFileReference section */
		4258CD7A1C035289004A2682 /* Tests.xctest */ = {isa = PBXFileReference; explicitFileType = wrapper.cfbundle; includeInIndex = 0; path = Tests.xctest; sourceTree = BUILT_PRODUCTS_DIR; };
		4258CD7C1C035289004A2682 /* SimpleTest.swift */ = {isa = PBXFileReference; lastKnownFileType = sourcecode.swift; path = SimpleTest.swift; sourceTree = "<group>"; };
		4258CD7E1C035289004A2682 /* Info.plist */ = {isa = PBXFileReference; lastKnownFileType = text.plist.xml; path = Info.plist; sourceTree = "<group>"; };
		F02FD22B1C02D38100A137C2 /* Swift-AI-OSX */ = {isa = PBXFileReference; explicitFileType = "compiled.mach-o.executable"; includeInIndex = 0; path = "Swift-AI-OSX"; sourceTree = BUILT_PRODUCTS_DIR; };
		F02FD22E1C02D38100A137C2 /* main.swift */ = {isa = PBXFileReference; lastKnownFileType = sourcecode.swift; path = main.swift; sourceTree = "<group>"; };
		F02FD2371C02D3BB00A137C2 /* SineWave.swift */ = {isa = PBXFileReference; fileEncoding = 4; lastKnownFileType = sourcecode.swift; path = SineWave.swift; sourceTree = "<group>"; };
		F02FD2381C02D3BB00A137C2 /* XOR.swift */ = {isa = PBXFileReference; fileEncoding = 4; lastKnownFileType = sourcecode.swift; path = XOR.swift; sourceTree = "<group>"; };
		F074BC331C2137200061F59A /* t10k-images-idx3-ubyte */ = {isa = PBXFileReference; lastKnownFileType = file; name = "t10k-images-idx3-ubyte"; path = "../MNIST-TrainingData/t10k-images-idx3-ubyte"; sourceTree = "<group>"; };
		F074BC341C2137200061F59A /* t10k-labels-idx1-ubyte */ = {isa = PBXFileReference; lastKnownFileType = file; name = "t10k-labels-idx1-ubyte"; path = "../MNIST-TrainingData/t10k-labels-idx1-ubyte"; sourceTree = "<group>"; };
		F074BC351C2137200061F59A /* train-images-idx3-ubyte */ = {isa = PBXFileReference; lastKnownFileType = file; name = "train-images-idx3-ubyte"; path = "../MNIST-TrainingData/train-images-idx3-ubyte"; sourceTree = "<group>"; };
		F074BC361C2137200061F59A /* train-labels-idx1-ubyte */ = {isa = PBXFileReference; lastKnownFileType = file; name = "train-labels-idx1-ubyte"; path = "../MNIST-TrainingData/train-labels-idx1-ubyte"; sourceTree = "<group>"; };
		F074BC3F1C214E900061F59A /* FFNNStorage.swift */ = {isa = PBXFileReference; fileEncoding = 4; lastKnownFileType = sourcecode.swift; name = FFNNStorage.swift; path = ../../../Source/FFNNStorage.swift; sourceTree = "<group>"; };
		F0969D0C1C0FD37A009C3B4A /* FFNN.swift */ = {isa = PBXFileReference; fileEncoding = 4; lastKnownFileType = sourcecode.swift; name = FFNN.swift; path = ../../../Source/FFNN.swift; sourceTree = "<group>"; };
		F0969D0D1C0FD37A009C3B4A /* Matrix.swift */ = {isa = PBXFileReference; fileEncoding = 4; lastKnownFileType = sourcecode.swift; name = Matrix.swift; path = ../../../Source/Matrix.swift; sourceTree = "<group>"; };
		F0969D0E1C0FD37A009C3B4A /* Operations.swift */ = {isa = PBXFileReference; fileEncoding = 4; lastKnownFileType = sourcecode.swift; name = Operations.swift; path = ../../../Source/Operations.swift; sourceTree = "<group>"; };
		F0969D0F1C0FD37A009C3B4A /* Vector.swift */ = {isa = PBXFileReference; fileEncoding = 4; lastKnownFileType = sourcecode.swift; name = Vector.swift; path = ../../../Source/Vector.swift; sourceTree = "<group>"; };
		F0BAD9641C03D039001AD2AE /* Swift-AI-Playground.playground */ = {isa = PBXFileReference; lastKnownFileType = file.playground; name = "Swift-AI-Playground.playground"; path = "../../Swift-AI-Playground.playground"; sourceTree = "<group>"; };
		F0C5B8AE1C0647FC0016FF6F /* Storage.swift */ = {isa = PBXFileReference; fileEncoding = 4; lastKnownFileType = sourcecode.swift; name = Storage.swift; path = ../../../Source/Storage.swift; sourceTree = "<group>"; };
		F0F382451C212B0A0065D2AF /* Handwriting.swift */ = {isa = PBXFileReference; fileEncoding = 4; lastKnownFileType = sourcecode.swift; path = Handwriting.swift; sourceTree = "<group>"; };
/* End PBXFileReference section */

/* Begin PBXFrameworksBuildPhase section */
		4258CD771C035289004A2682 /* Frameworks */ = {
			isa = PBXFrameworksBuildPhase;
			buildActionMask = 2147483647;
			files = (
			);
			runOnlyForDeploymentPostprocessing = 0;
		};
		F02FD2281C02D38100A137C2 /* Frameworks */ = {
			isa = PBXFrameworksBuildPhase;
			buildActionMask = 2147483647;
			files = (
			);
			runOnlyForDeploymentPostprocessing = 0;
		};
/* End PBXFrameworksBuildPhase section */

/* Begin PBXGroup section */
		4258CD7B1C035289004A2682 /* Tests */ = {
			isa = PBXGroup;
			children = (
				4258CD7C1C035289004A2682 /* SimpleTest.swift */,
				4258CD7E1C035289004A2682 /* Info.plist */,
			);
			path = Tests;
			sourceTree = "<group>";
		};
		F02FD2221C02D38100A137C2 = {
			isa = PBXGroup;
			children = (
				F02FD22D1C02D38100A137C2 /* Swift-AI-OSX */,
				4258CD7B1C035289004A2682 /* Tests */,
				F02FD22C1C02D38100A137C2 /* Products */,
			);
			sourceTree = "<group>";
		};
		F02FD22C1C02D38100A137C2 /* Products */ = {
			isa = PBXGroup;
			children = (
				F02FD22B1C02D38100A137C2 /* Swift-AI-OSX */,
				4258CD7A1C035289004A2682 /* Tests.xctest */,
			);
			name = Products;
			sourceTree = "<group>";
		};
		F02FD22D1C02D38100A137C2 /* Swift-AI-OSX */ = {
			isa = PBXGroup;
			children = (
				F02FD22E1C02D38100A137C2 /* main.swift */,
				F02FD2351C02D39900A137C2 /* Examples */,
				F02FD2361C02D3A300A137C2 /* Sources */,
			);
			path = "Swift-AI-OSX";
			sourceTree = "<group>";
		};
		F02FD2351C02D39900A137C2 /* Examples */ = {
			isa = PBXGroup;
			children = (
				F0BAD9641C03D039001AD2AE /* Swift-AI-Playground.playground */,
				F02FD2381C02D3BB00A137C2 /* XOR.swift */,
				F02FD2371C02D3BB00A137C2 /* SineWave.swift */,
				F0F382451C212B0A0065D2AF /* Handwriting.swift */,
				F0F3824B1C212C100065D2AF /* MNIST Data */,
			);
			name = Examples;
			sourceTree = "<group>";
		};
		F02FD2361C02D3A300A137C2 /* Sources */ = {
			isa = PBXGroup;
			children = (
				F0C5B8AE1C0647FC0016FF6F /* Storage.swift */,
				F0969D0C1C0FD37A009C3B4A /* FFNN.swift */,
				F074BC3F1C214E900061F59A /* FFNNStorage.swift */,
				F0969D0F1C0FD37A009C3B4A /* Vector.swift */,
				F0969D0D1C0FD37A009C3B4A /* Matrix.swift */,
				F0969D0E1C0FD37A009C3B4A /* Operations.swift */,
			);
			name = Sources;
			sourceTree = "<group>";
		};
		F0F3824B1C212C100065D2AF /* MNIST Data */ = {
			isa = PBXGroup;
			children = (
				F074BC331C2137200061F59A /* t10k-images-idx3-ubyte */,
				F074BC341C2137200061F59A /* t10k-labels-idx1-ubyte */,
				F074BC351C2137200061F59A /* train-images-idx3-ubyte */,
				F074BC361C2137200061F59A /* train-labels-idx1-ubyte */,
			);
			name = "MNIST Data";
			sourceTree = "<group>";
		};
/* End PBXGroup section */

/* Begin PBXNativeTarget section */
		4258CD791C035289004A2682 /* Tests */ = {
			isa = PBXNativeTarget;
			buildConfigurationList = 4258CD811C035289004A2682 /* Build configuration list for PBXNativeTarget "Tests" */;
			buildPhases = (
				4258CD761C035289004A2682 /* Sources */,
				4258CD771C035289004A2682 /* Frameworks */,
				4258CD781C035289004A2682 /* Resources */,
			);
			buildRules = (
			);
			dependencies = (
			);
			name = Tests;
			productName = SimpleTest;
			productReference = 4258CD7A1C035289004A2682 /* Tests.xctest */;
			productType = "com.apple.product-type.bundle.unit-test";
		};
		F02FD22A1C02D38100A137C2 /* Swift-AI-OSX */ = {
			isa = PBXNativeTarget;
			buildConfigurationList = F02FD2321C02D38100A137C2 /* Build configuration list for PBXNativeTarget "Swift-AI-OSX" */;
			buildPhases = (
				F02FD2271C02D38100A137C2 /* Sources */,
				F02FD2281C02D38100A137C2 /* Frameworks */,
				F02FD2291C02D38100A137C2 /* CopyFiles */,
			);
			buildRules = (
			);
			dependencies = (
			);
			name = "Swift-AI-OSX";
			productName = "Swift-AI-OSX";
			productReference = F02FD22B1C02D38100A137C2 /* Swift-AI-OSX */;
			productType = "com.apple.product-type.tool";
		};
/* End PBXNativeTarget section */

/* Begin PBXProject section */
		F02FD2231C02D38100A137C2 /* Project object */ = {
			isa = PBXProject;
			attributes = {
				LastSwiftUpdateCheck = 0710;
				LastUpgradeCheck = 0710;
				ORGANIZATIONNAME = Appsidian;
				TargetAttributes = {
					4258CD791C035289004A2682 = {
						CreatedOnToolsVersion = 7.1;
					};
					F02FD22A1C02D38100A137C2 = {
						CreatedOnToolsVersion = 7.1;
					};
				};
			};
			buildConfigurationList = F02FD2261C02D38100A137C2 /* Build configuration list for PBXProject "Swift-AI-OSX" */;
			compatibilityVersion = "Xcode 3.2";
			developmentRegion = English;
			hasScannedForEncodings = 0;
			knownRegions = (
				en,
			);
			mainGroup = F02FD2221C02D38100A137C2;
			productRefGroup = F02FD22C1C02D38100A137C2 /* Products */;
			projectDirPath = "";
			projectRoot = "";
			targets = (
				F02FD22A1C02D38100A137C2 /* Swift-AI-OSX */,
				4258CD791C035289004A2682 /* Tests */,
			);
		};
/* End PBXProject section */

/* Begin PBXResourcesBuildPhase section */
		4258CD781C035289004A2682 /* Resources */ = {
			isa = PBXResourcesBuildPhase;
			buildActionMask = 2147483647;
			files = (
			);
			runOnlyForDeploymentPostprocessing = 0;
		};
/* End PBXResourcesBuildPhase section */

/* Begin PBXSourcesBuildPhase section */
		4258CD761C035289004A2682 /* Sources */ = {
			isa = PBXSourcesBuildPhase;
			buildActionMask = 2147483647;
			files = (
				4258CD7D1C035289004A2682 /* SimpleTest.swift in Sources */,
			);
			runOnlyForDeploymentPostprocessing = 0;
		};
		F02FD2271C02D38100A137C2 /* Sources */ = {
			isa = PBXSourcesBuildPhase;
			buildActionMask = 2147483647;
			files = (
				F0969D101C0FD37A009C3B4A /* FFNN.swift in Sources */,
				F02FD23A1C02D3BB00A137C2 /* XOR.swift in Sources */,
				F0F382461C212B0A0065D2AF /* Handwriting.swift in Sources */,
				F0969D131C0FD37A009C3B4A /* Vector.swift in Sources */,
				F0969D111C0FD37A009C3B4A /* Matrix.swift in Sources */,
				F0969D121C0FD37A009C3B4A /* Operations.swift in Sources */,
				F02FD22F1C02D38100A137C2 /* main.swift in Sources */,
				F074BC401C214E900061F59A /* FFNNStorage.swift in Sources */,
				F02FD2391C02D3BB00A137C2 /* SineWave.swift in Sources */,
				F0C5B8AF1C0647FC0016FF6F /* Storage.swift in Sources */,
			);
			runOnlyForDeploymentPostprocessing = 0;
		};
/* End PBXSourcesBuildPhase section */

/* Begin XCBuildConfiguration section */
		4258CD7F1C035289004A2682 /* Debug */ = {
			isa = XCBuildConfiguration;
			buildSettings = {
				COMBINE_HIDPI_IMAGES = YES;
				INFOPLIST_FILE = Tests/Info.plist;
				LD_RUNPATH_SEARCH_PATHS = "$(inherited) @executable_path/../Frameworks @loader_path/../Frameworks";
				PRODUCT_BUNDLE_IDENTIFIER = appsidian.SimpleTest;
				PRODUCT_NAME = "$(TARGET_NAME)";
			};
			name = Debug;
		};
		4258CD801C035289004A2682 /* Release */ = {
			isa = XCBuildConfiguration;
			buildSettings = {
				COMBINE_HIDPI_IMAGES = YES;
				INFOPLIST_FILE = Tests/Info.plist;
				LD_RUNPATH_SEARCH_PATHS = "$(inherited) @executable_path/../Frameworks @loader_path/../Frameworks";
				PRODUCT_BUNDLE_IDENTIFIER = appsidian.SimpleTest;
				PRODUCT_NAME = "$(TARGET_NAME)";
			};
			name = Release;
		};
		F02FD2301C02D38100A137C2 /* Debug */ = {
			isa = XCBuildConfiguration;
			buildSettings = {
				ALWAYS_SEARCH_USER_PATHS = NO;
				CLANG_CXX_LANGUAGE_STANDARD = "gnu++0x";
				CLANG_CXX_LIBRARY = "libc++";
				CLANG_ENABLE_MODULES = YES;
				CLANG_ENABLE_OBJC_ARC = YES;
				CLANG_WARN_BOOL_CONVERSION = YES;
				CLANG_WARN_CONSTANT_CONVERSION = YES;
				CLANG_WARN_DIRECT_OBJC_ISA_USAGE = YES_ERROR;
				CLANG_WARN_EMPTY_BODY = YES;
				CLANG_WARN_ENUM_CONVERSION = YES;
				CLANG_WARN_INT_CONVERSION = YES;
				CLANG_WARN_OBJC_ROOT_CLASS = YES_ERROR;
				CLANG_WARN_UNREACHABLE_CODE = YES;
				CLANG_WARN__DUPLICATE_METHOD_MATCH = YES;
				CODE_SIGN_IDENTITY = "-";
				COPY_PHASE_STRIP = NO;
				DEBUG_INFORMATION_FORMAT = dwarf;
				ENABLE_STRICT_OBJC_MSGSEND = YES;
				ENABLE_TESTABILITY = YES;
				GCC_C_LANGUAGE_STANDARD = gnu99;
				GCC_DYNAMIC_NO_PIC = NO;
				GCC_NO_COMMON_BLOCKS = YES;
				GCC_OPTIMIZATION_LEVEL = 0;
				GCC_PREPROCESSOR_DEFINITIONS = (
					"DEBUG=1",
					"$(inherited)",
				);
				GCC_WARN_64_TO_32_BIT_CONVERSION = YES;
				GCC_WARN_ABOUT_RETURN_TYPE = YES_ERROR;
				GCC_WARN_UNDECLARED_SELECTOR = YES;
				GCC_WARN_UNINITIALIZED_AUTOS = YES_AGGRESSIVE;
				GCC_WARN_UNUSED_FUNCTION = YES;
				GCC_WARN_UNUSED_VARIABLE = YES;
				MACOSX_DEPLOYMENT_TARGET = 10.10;
				MTL_ENABLE_DEBUG_INFO = YES;
				ONLY_ACTIVE_ARCH = YES;
				SDKROOT = macosx;
				SWIFT_OPTIMIZATION_LEVEL = "-Onone";
			};
			name = Debug;
		};
		F02FD2311C02D38100A137C2 /* Release */ = {
			isa = XCBuildConfiguration;
			buildSettings = {
				ALWAYS_SEARCH_USER_PATHS = NO;
				CLANG_CXX_LANGUAGE_STANDARD = "gnu++0x";
				CLANG_CXX_LIBRARY = "libc++";
				CLANG_ENABLE_MODULES = YES;
				CLANG_ENABLE_OBJC_ARC = YES;
				CLANG_WARN_BOOL_CONVERSION = YES;
				CLANG_WARN_CONSTANT_CONVERSION = YES;
				CLANG_WARN_DIRECT_OBJC_ISA_USAGE = YES_ERROR;
				CLANG_WARN_EMPTY_BODY = YES;
				CLANG_WARN_ENUM_CONVERSION = YES;
				CLANG_WARN_INT_CONVERSION = YES;
				CLANG_WARN_OBJC_ROOT_CLASS = YES_ERROR;
				CLANG_WARN_UNREACHABLE_CODE = YES;
				CLANG_WARN__DUPLICATE_METHOD_MATCH = YES;
				CODE_SIGN_IDENTITY = "-";
				COPY_PHASE_STRIP = NO;
				DEBUG_INFORMATION_FORMAT = "dwarf-with-dsym";
				ENABLE_NS_ASSERTIONS = NO;
				ENABLE_STRICT_OBJC_MSGSEND = YES;
				GCC_C_LANGUAGE_STANDARD = gnu99;
				GCC_NO_COMMON_BLOCKS = YES;
				GCC_WARN_64_TO_32_BIT_CONVERSION = YES;
				GCC_WARN_ABOUT_RETURN_TYPE = YES_ERROR;
				GCC_WARN_UNDECLARED_SELECTOR = YES;
				GCC_WARN_UNINITIALIZED_AUTOS = YES_AGGRESSIVE;
				GCC_WARN_UNUSED_FUNCTION = YES;
				GCC_WARN_UNUSED_VARIABLE = YES;
				MACOSX_DEPLOYMENT_TARGET = 10.10;
				MTL_ENABLE_DEBUG_INFO = NO;
				SDKROOT = macosx;
			};
			name = Release;
		};
		F02FD2331C02D38100A137C2 /* Debug */ = {
			isa = XCBuildConfiguration;
			buildSettings = {
				PRODUCT_NAME = "$(TARGET_NAME)";
			};
			name = Debug;
		};
		F02FD2341C02D38100A137C2 /* Release */ = {
			isa = XCBuildConfiguration;
			buildSettings = {
				PRODUCT_NAME = "$(TARGET_NAME)";
			};
			name = Release;
		};
/* End XCBuildConfiguration section */

/* Begin XCConfigurationList section */
		4258CD811C035289004A2682 /* Build configuration list for PBXNativeTarget "Tests" */ = {
			isa = XCConfigurationList;
			buildConfigurations = (
				4258CD7F1C035289004A2682 /* Debug */,
				4258CD801C035289004A2682 /* Release */,
			);
			defaultConfigurationIsVisible = 0;
			defaultConfigurationName = Release;
		};
		F02FD2261C02D38100A137C2 /* Build configuration list for PBXProject "Swift-AI-OSX" */ = {
			isa = XCConfigurationList;
			buildConfigurations = (
				F02FD2301C02D38100A137C2 /* Debug */,
				F02FD2311C02D38100A137C2 /* Release */,
			);
			defaultConfigurationIsVisible = 0;
			defaultConfigurationName = Release;
		};
		F02FD2321C02D38100A137C2 /* Build configuration list for PBXNativeTarget "Swift-AI-OSX" */ = {
			isa = XCConfigurationList;
			buildConfigurations = (
				F02FD2331C02D38100A137C2 /* Debug */,
				F02FD2341C02D38100A137C2 /* Release */,
			);
			defaultConfigurationIsVisible = 0;
			defaultConfigurationName = Release;
		};
/* End XCConfigurationList section */
	};
	rootObject = F02FD2231C02D38100A137C2 /* Project object */;
}
