// !$*UTF8*$!
{
	archiveVersion = 1;
	classes = {
	};
	objectVersion = 46;
	objects = {

/* Begin PBXBuildFile section */
		F016BF931C24A2B2002E88B1 /* HandwritingLearnViewController.swift in Sources */ = {isa = PBXBuildFile; fileRef = F016BF921C24A2B2002E88B1 /* HandwritingLearnViewController.swift */; };
		F016BF961C24A2DE002E88B1 /* handwriting-learn-ffnn in Resources */ = {isa = PBXBuildFile; fileRef = F016BF951C24A2DE002E88B1 /* handwriting-learn-ffnn */; };
		F016BF981C24A2EB002E88B1 /* HandwritingLearnView.swift in Sources */ = {isa = PBXBuildFile; fileRef = F016BF971C24A2EB002E88B1 /* HandwritingLearnView.swift */; };
		F02FD20C1C02B93400A137C2 /* AppDelegate.swift in Sources */ = {isa = PBXBuildFile; fileRef = F02FD20B1C02B93400A137C2 /* AppDelegate.swift */; };
		F02FD20E1C02B93400A137C2 /* GraphViewController.swift in Sources */ = {isa = PBXBuildFile; fileRef = F02FD20D1C02B93400A137C2 /* GraphViewController.swift */; };
		F02FD2141C02B93400A137C2 /* Swift_AI_iOS.xcdatamodeld in Sources */ = {isa = PBXBuildFile; fileRef = F02FD2121C02B93400A137C2 /* Swift_AI_iOS.xcdatamodeld */; };
		F02FD2161C02B93400A137C2 /* Assets.xcassets in Resources */ = {isa = PBXBuildFile; fileRef = F02FD2151C02B93400A137C2 /* Assets.xcassets */; };
		F02FD2191C02B93400A137C2 /* LaunchScreen.storyboard in Resources */ = {isa = PBXBuildFile; fileRef = F02FD2171C02B93400A137C2 /* LaunchScreen.storyboard */; };
		F074BC421C214F120061F59A /* FFNN+Storage.swift in Sources */ = {isa = PBXBuildFile; fileRef = F074BC411C214F120061F59A /* FFNN+Storage.swift */; };
		F074BC441C2153780061F59A /* handwriting-ffnn in Resources */ = {isa = PBXBuildFile; fileRef = F074BC431C2153780061F59A /* handwriting-ffnn */; };
		F094704A1C0D2A2F004F4202 /* InfoView.swift in Sources */ = {isa = PBXBuildFile; fileRef = F09470491C0D2A2F004F4202 /* InfoView.swift */; };
		F09470521C0E6695004F4202 /* Fonts.swift in Sources */ = {isa = PBXBuildFile; fileRef = F09470511C0E6695004F4202 /* Fonts.swift */; };
		F09470531C0E6785004F4202 /* OpenSans-Bold.ttf in Resources */ = {isa = PBXBuildFile; fileRef = F094704B1C0E6684004F4202 /* OpenSans-Bold.ttf */; };
		F09470541C0E6785004F4202 /* OpenSans-Italic.ttf in Resources */ = {isa = PBXBuildFile; fileRef = F094704C1C0E6684004F4202 /* OpenSans-Italic.ttf */; };
		F09470551C0E6785004F4202 /* OpenSans-Light.ttf in Resources */ = {isa = PBXBuildFile; fileRef = F094704D1C0E6684004F4202 /* OpenSans-Light.ttf */; };
		F09470561C0E6785004F4202 /* OpenSans-LightItalic.ttf in Resources */ = {isa = PBXBuildFile; fileRef = F094704E1C0E6684004F4202 /* OpenSans-LightItalic.ttf */; };
		F09470571C0E6785004F4202 /* OpenSans-Semibold.ttf in Resources */ = {isa = PBXBuildFile; fileRef = F094704F1C0E6684004F4202 /* OpenSans-Semibold.ttf */; };
		F09470581C0E6785004F4202 /* OpenSans.ttf in Resources */ = {isa = PBXBuildFile; fileRef = F09470501C0E6684004F4202 /* OpenSans.ttf */; };
		F0969D361C11580C009C3B4A /* HandwritingViewController.swift in Sources */ = {isa = PBXBuildFile; fileRef = F0969D351C11580C009C3B4A /* HandwritingViewController.swift */; };
		F0969D381C115815009C3B4A /* HandwritingView.swift in Sources */ = {isa = PBXBuildFile; fileRef = F0969D371C115815009C3B4A /* HandwritingView.swift */; };
		F0BAD9EA1C0565AE001AD2AE /* GraphView.swift in Sources */ = {isa = PBXBuildFile; fileRef = F0BAD9E91C0565AE001AD2AE /* GraphView.swift */; };
		F0BDAA771CAEDA3F0000F481 /* APConstraints.swift in Sources */ = {isa = PBXBuildFile; fileRef = F0BDAA741CAEDA3F0000F481 /* APConstraints.swift */; };
		F0BDAA781CAEDA3F0000F481 /* APMultilineLabel.swift in Sources */ = {isa = PBXBuildFile; fileRef = F0BDAA751CAEDA3F0000F481 /* APMultilineLabel.swift */; };
		F0BDAA791CAEDA3F0000F481 /* APSpringButton.swift in Sources */ = {isa = PBXBuildFile; fileRef = F0BDAA761CAEDA3F0000F481 /* APSpringButton.swift */; };
		F0BDAA7B1CAEDABA0000F481 /* APBorderView.swift in Sources */ = {isa = PBXBuildFile; fileRef = F0BDAA7A1CAEDABA0000F481 /* APBorderView.swift */; };
		F0BDAA7D1CAEDB600000F481 /* APMath.swift in Sources */ = {isa = PBXBuildFile; fileRef = F0BDAA7C1CAEDB600000F481 /* APMath.swift */; };
		F0C5B8931C0634D10016FF6F /* DrawerCell.swift in Sources */ = {isa = PBXBuildFile; fileRef = F0C5B88F1C0634D10016FF6F /* DrawerCell.swift */; };
		F0C5B8941C0634D10016FF6F /* DrawerNavigationController.swift in Sources */ = {isa = PBXBuildFile; fileRef = F0C5B8901C0634D10016FF6F /* DrawerNavigationController.swift */; };
		F0C5B8951C0634D10016FF6F /* DrawerView.swift in Sources */ = {isa = PBXBuildFile; fileRef = F0C5B8911C0634D10016FF6F /* DrawerView.swift */; };
		F0C5B8961C0634D10016FF6F /* DrawerViewController.swift in Sources */ = {isa = PBXBuildFile; fileRef = F0C5B8921C0634D10016FF6F /* DrawerViewController.swift */; };
		F0C5B8A01C0638680016FF6F /* Colors.swift in Sources */ = {isa = PBXBuildFile; fileRef = F0C5B89F1C0638680016FF6F /* Colors.swift */; };
		F0C5B8A31C0638BB0016FF6F /* NavigationBar.swift in Sources */ = {isa = PBXBuildFile; fileRef = F0C5B8A21C0638BB0016FF6F /* NavigationBar.swift */; };
		F0C5B8A51C0640B10016FF6F /* GAViewController.swift in Sources */ = {isa = PBXBuildFile; fileRef = F0C5B8A41C0640B10016FF6F /* GAViewController.swift */; };
		F0C5B8A81C0640CB0016FF6F /* GAView.swift in Sources */ = {isa = PBXBuildFile; fileRef = F0C5B8A71C0640CB0016FF6F /* GAView.swift */; };
		F0C5B8AC1C0645E80016FF6F /* FFNN.swift in Sources */ = {isa = PBXBuildFile; fileRef = F0C5B8AA1C0645E80016FF6F /* FFNN.swift */; };
		F0C5B8AD1C0645E80016FF6F /* Storage.swift in Sources */ = {isa = PBXBuildFile; fileRef = F0C5B8AB1C0645E80016FF6F /* Storage.swift */; };
/* End PBXBuildFile section */

/* Begin PBXCopyFilesBuildPhase section */
		F0C5B89C1C0636D90016FF6F /* Embed Frameworks */ = {
			isa = PBXCopyFilesBuildPhase;
			buildActionMask = 2147483647;
			dstPath = "";
			dstSubfolderSpec = 10;
			files = (
			);
			name = "Embed Frameworks";
			runOnlyForDeploymentPostprocessing = 0;
		};
/* End PBXCopyFilesBuildPhase section */

/* Begin PBXFileReference section */
		F016BF921C24A2B2002E88B1 /* HandwritingLearnViewController.swift */ = {isa = PBXFileReference; fileEncoding = 4; lastKnownFileType = sourcecode.swift; path = HandwritingLearnViewController.swift; sourceTree = "<group>"; };
		F016BF951C24A2DE002E88B1 /* handwriting-learn-ffnn */ = {isa = PBXFileReference; lastKnownFileType = file.bplist; path = "handwriting-learn-ffnn"; sourceTree = SOURCE_ROOT; };
		F016BF971C24A2EB002E88B1 /* HandwritingLearnView.swift */ = {isa = PBXFileReference; fileEncoding = 4; lastKnownFileType = sourcecode.swift; path = HandwritingLearnView.swift; sourceTree = "<group>"; };
		F02FD2081C02B93400A137C2 /* Swift AI.app */ = {isa = PBXFileReference; explicitFileType = wrapper.application; includeInIndex = 0; path = "Swift AI.app"; sourceTree = BUILT_PRODUCTS_DIR; };
		F02FD20B1C02B93400A137C2 /* AppDelegate.swift */ = {isa = PBXFileReference; lastKnownFileType = sourcecode.swift; path = AppDelegate.swift; sourceTree = "<group>"; };
		F02FD20D1C02B93400A137C2 /* GraphViewController.swift */ = {isa = PBXFileReference; lastKnownFileType = sourcecode.swift; path = GraphViewController.swift; sourceTree = "<group>"; };
		F02FD2131C02B93400A137C2 /* Swift_AI_iOS.xcdatamodel */ = {isa = PBXFileReference; lastKnownFileType = wrapper.xcdatamodel; path = Swift_AI_iOS.xcdatamodel; sourceTree = "<group>"; };
		F02FD2151C02B93400A137C2 /* Assets.xcassets */ = {isa = PBXFileReference; lastKnownFileType = folder.assetcatalog; path = Assets.xcassets; sourceTree = "<group>"; };
		F02FD2181C02B93400A137C2 /* Base */ = {isa = PBXFileReference; lastKnownFileType = file.storyboard; name = Base; path = Base.lproj/LaunchScreen.storyboard; sourceTree = "<group>"; };
		F02FD21A1C02B93400A137C2 /* Info.plist */ = {isa = PBXFileReference; lastKnownFileType = text.plist.xml; path = Info.plist; sourceTree = "<group>"; };
		F074BC411C214F120061F59A /* FFNN+Storage.swift */ = {isa = PBXFileReference; fileEncoding = 4; lastKnownFileType = sourcecode.swift; name = "FFNN+Storage.swift"; path = "../../../Source/FFNN+Storage.swift"; sourceTree = "<group>"; };
		F074BC431C2153780061F59A /* handwriting-ffnn */ = {isa = PBXFileReference; lastKnownFileType = file.bplist; path = "handwriting-ffnn"; sourceTree = SOURCE_ROOT; };
		F09470491C0D2A2F004F4202 /* InfoView.swift */ = {isa = PBXFileReference; fileEncoding = 4; lastKnownFileType = sourcecode.swift; path = InfoView.swift; sourceTree = "<group>"; };
		F094704B1C0E6684004F4202 /* OpenSans-Bold.ttf */ = {isa = PBXFileReference; lastKnownFileType = file; name = "OpenSans-Bold.ttf"; path = "Fonts/OpenSans-Bold.ttf"; sourceTree = "<group>"; };
		F094704C1C0E6684004F4202 /* OpenSans-Italic.ttf */ = {isa = PBXFileReference; lastKnownFileType = file; name = "OpenSans-Italic.ttf"; path = "Fonts/OpenSans-Italic.ttf"; sourceTree = "<group>"; };
		F094704D1C0E6684004F4202 /* OpenSans-Light.ttf */ = {isa = PBXFileReference; lastKnownFileType = file; name = "OpenSans-Light.ttf"; path = "Fonts/OpenSans-Light.ttf"; sourceTree = "<group>"; };
		F094704E1C0E6684004F4202 /* OpenSans-LightItalic.ttf */ = {isa = PBXFileReference; lastKnownFileType = file; name = "OpenSans-LightItalic.ttf"; path = "Fonts/OpenSans-LightItalic.ttf"; sourceTree = "<group>"; };
		F094704F1C0E6684004F4202 /* OpenSans-Semibold.ttf */ = {isa = PBXFileReference; lastKnownFileType = file; name = "OpenSans-Semibold.ttf"; path = "Fonts/OpenSans-Semibold.ttf"; sourceTree = "<group>"; };
		F09470501C0E6684004F4202 /* OpenSans.ttf */ = {isa = PBXFileReference; lastKnownFileType = file; name = OpenSans.ttf; path = Fonts/OpenSans.ttf; sourceTree = "<group>"; };
		F09470511C0E6695004F4202 /* Fonts.swift */ = {isa = PBXFileReference; fileEncoding = 4; lastKnownFileType = sourcecode.swift; path = Fonts.swift; sourceTree = "<group>"; };
		F0969D351C11580C009C3B4A /* HandwritingViewController.swift */ = {isa = PBXFileReference; fileEncoding = 4; lastKnownFileType = sourcecode.swift; path = HandwritingViewController.swift; sourceTree = "<group>"; };
		F0969D371C115815009C3B4A /* HandwritingView.swift */ = {isa = PBXFileReference; fileEncoding = 4; lastKnownFileType = sourcecode.swift; path = HandwritingView.swift; sourceTree = "<group>"; };
		F0BAD9E91C0565AE001AD2AE /* GraphView.swift */ = {isa = PBXFileReference; fileEncoding = 4; lastKnownFileType = sourcecode.swift; path = GraphView.swift; sourceTree = "<group>"; };
		F0BDAA741CAEDA3F0000F481 /* APConstraints.swift */ = {isa = PBXFileReference; fileEncoding = 4; lastKnownFileType = sourcecode.swift; path = APConstraints.swift; sourceTree = "<group>"; };
		F0BDAA751CAEDA3F0000F481 /* APMultilineLabel.swift */ = {isa = PBXFileReference; fileEncoding = 4; lastKnownFileType = sourcecode.swift; path = APMultilineLabel.swift; sourceTree = "<group>"; };
		F0BDAA761CAEDA3F0000F481 /* APSpringButton.swift */ = {isa = PBXFileReference; fileEncoding = 4; lastKnownFileType = sourcecode.swift; path = APSpringButton.swift; sourceTree = "<group>"; };
		F0BDAA7A1CAEDABA0000F481 /* APBorderView.swift */ = {isa = PBXFileReference; fileEncoding = 4; lastKnownFileType = sourcecode.swift; path = APBorderView.swift; sourceTree = "<group>"; };
		F0BDAA7C1CAEDB600000F481 /* APMath.swift */ = {isa = PBXFileReference; fileEncoding = 4; lastKnownFileType = sourcecode.swift; path = APMath.swift; sourceTree = "<group>"; };
		F0C5B88F1C0634D10016FF6F /* DrawerCell.swift */ = {isa = PBXFileReference; fileEncoding = 4; lastKnownFileType = sourcecode.swift; path = DrawerCell.swift; sourceTree = "<group>"; };
		F0C5B8901C0634D10016FF6F /* DrawerNavigationController.swift */ = {isa = PBXFileReference; fileEncoding = 4; lastKnownFileType = sourcecode.swift; path = DrawerNavigationController.swift; sourceTree = "<group>"; };
		F0C5B8911C0634D10016FF6F /* DrawerView.swift */ = {isa = PBXFileReference; fileEncoding = 4; lastKnownFileType = sourcecode.swift; path = DrawerView.swift; sourceTree = "<group>"; };
		F0C5B8921C0634D10016FF6F /* DrawerViewController.swift */ = {isa = PBXFileReference; fileEncoding = 4; lastKnownFileType = sourcecode.swift; path = DrawerViewController.swift; sourceTree = "<group>"; };
		F0C5B89F1C0638680016FF6F /* Colors.swift */ = {isa = PBXFileReference; fileEncoding = 4; lastKnownFileType = sourcecode.swift; path = Colors.swift; sourceTree = "<group>"; };
		F0C5B8A21C0638BB0016FF6F /* NavigationBar.swift */ = {isa = PBXFileReference; fileEncoding = 4; lastKnownFileType = sourcecode.swift; path = NavigationBar.swift; sourceTree = "<group>"; };
		F0C5B8A41C0640B10016FF6F /* GAViewController.swift */ = {isa = PBXFileReference; fileEncoding = 4; lastKnownFileType = sourcecode.swift; path = GAViewController.swift; sourceTree = "<group>"; };
		F0C5B8A71C0640CB0016FF6F /* GAView.swift */ = {isa = PBXFileReference; fileEncoding = 4; lastKnownFileType = sourcecode.swift; path = GAView.swift; sourceTree = "<group>"; };
		F0C5B8AA1C0645E80016FF6F /* FFNN.swift */ = {isa = PBXFileReference; fileEncoding = 4; lastKnownFileType = sourcecode.swift; name = FFNN.swift; path = ../../../Source/FFNN.swift; sourceTree = "<group>"; };
		F0C5B8AB1C0645E80016FF6F /* Storage.swift */ = {isa = PBXFileReference; fileEncoding = 4; lastKnownFileType = sourcecode.swift; name = Storage.swift; path = ../../../Source/Storage.swift; sourceTree = "<group>"; };
/* End PBXFileReference section */

/* Begin PBXFrameworksBuildPhase section */
		F02FD2051C02B93400A137C2 /* Frameworks */ = {
			isa = PBXFrameworksBuildPhase;
			buildActionMask = 2147483647;
			files = (
			);
			runOnlyForDeploymentPostprocessing = 0;
		};
/* End PBXFrameworksBuildPhase section */

/* Begin PBXGroup section */
		F016BF941C24A2B9002E88B1 /* Handwriting Learner */ = {
			isa = PBXGroup;
			children = (
				F016BF921C24A2B2002E88B1 /* HandwritingLearnViewController.swift */,
				F016BF971C24A2EB002E88B1 /* HandwritingLearnView.swift */,
				F016BF951C24A2DE002E88B1 /* handwriting-learn-ffnn */,
			);
			name = "Handwriting Learner";
			sourceTree = "<group>";
		};
		F02FD1FF1C02B93400A137C2 = {
			isa = PBXGroup;
			children = (
				F02FD20A1C02B93400A137C2 /* Swift-AI-iOS */,
				F02FD2091C02B93400A137C2 /* Products */,
			);
			sourceTree = "<group>";
		};
		F02FD2091C02B93400A137C2 /* Products */ = {
			isa = PBXGroup;
			children = (
				F02FD2081C02B93400A137C2 /* Swift AI.app */,
			);
			name = Products;
			sourceTree = "<group>";
		};
		F02FD20A1C02B93400A137C2 /* Swift-AI-iOS */ = {
			isa = PBXGroup;
			children = (
				F02FD20B1C02B93400A137C2 /* AppDelegate.swift */,
				F0C5B8A91C0645D30016FF6F /* SwiftAI */,
				F0C5B8971C0634D60016FF6F /* Drawer */,
				F0C5B89D1C06373F0016FF6F /* Views */,
				F0BDAA731CAED9F70000F481 /* APKit */,
				F0C5B8A11C06386B0016FF6F /* Fonts and Colors */,
				F02FD2151C02B93400A137C2 /* Assets.xcassets */,
				F02FD2171C02B93400A137C2 /* LaunchScreen.storyboard */,
				F02FD21A1C02B93400A137C2 /* Info.plist */,
				F02FD2121C02B93400A137C2 /* Swift_AI_iOS.xcdatamodeld */,
			);
			path = "Swift-AI-iOS";
			sourceTree = "<group>";
		};
		F0969D341C1157CF009C3B4A /* Handwriting */ = {
			isa = PBXGroup;
			children = (
				F0969D351C11580C009C3B4A /* HandwritingViewController.swift */,
				F0969D371C115815009C3B4A /* HandwritingView.swift */,
				F074BC431C2153780061F59A /* handwriting-ffnn */,
			);
			name = Handwriting;
			sourceTree = "<group>";
		};
		F0BDAA731CAED9F70000F481 /* APKit */ = {
			isa = PBXGroup;
			children = (
				F0BDAA7A1CAEDABA0000F481 /* APBorderView.swift */,
				F0BDAA741CAEDA3F0000F481 /* APConstraints.swift */,
				F0BDAA7C1CAEDB600000F481 /* APMath.swift */,
				F0BDAA751CAEDA3F0000F481 /* APMultilineLabel.swift */,
				F0BDAA761CAEDA3F0000F481 /* APSpringButton.swift */,
			);
			name = APKit;
			sourceTree = "<group>";
		};
		F0C5B8971C0634D60016FF6F /* Drawer */ = {
			isa = PBXGroup;
			children = (
				F0C5B8901C0634D10016FF6F /* DrawerNavigationController.swift */,
				F0C5B8921C0634D10016FF6F /* DrawerViewController.swift */,
				F0C5B8911C0634D10016FF6F /* DrawerView.swift */,
				F0C5B88F1C0634D10016FF6F /* DrawerCell.swift */,
				F09470491C0D2A2F004F4202 /* InfoView.swift */,
			);
			name = Drawer;
			sourceTree = "<group>";
		};
		F0C5B89D1C06373F0016FF6F /* Views */ = {
			isa = PBXGroup;
			children = (
				F0C5B8A21C0638BB0016FF6F /* NavigationBar.swift */,
				F0C5B89E1C06374E0016FF6F /* Graphs */,
				F0969D341C1157CF009C3B4A /* Handwriting */,
				F016BF941C24A2B9002E88B1 /* Handwriting Learner */,
				F0C5B8A61C0640B50016FF6F /* Genetic Algorithm */,
			);
			name = Views;
			sourceTree = "<group>";
		};
		F0C5B89E1C06374E0016FF6F /* Graphs */ = {
			isa = PBXGroup;
			children = (
				F02FD20D1C02B93400A137C2 /* GraphViewController.swift */,
				F0BAD9E91C0565AE001AD2AE /* GraphView.swift */,
			);
			name = Graphs;
			sourceTree = "<group>";
		};
		F0C5B8A11C06386B0016FF6F /* Fonts and Colors */ = {
			isa = PBXGroup;
			children = (
				F0C5B89F1C0638680016FF6F /* Colors.swift */,
				F09470511C0E6695004F4202 /* Fonts.swift */,
				F094704B1C0E6684004F4202 /* OpenSans-Bold.ttf */,
				F094704C1C0E6684004F4202 /* OpenSans-Italic.ttf */,
				F094704D1C0E6684004F4202 /* OpenSans-Light.ttf */,
				F094704E1C0E6684004F4202 /* OpenSans-LightItalic.ttf */,
				F094704F1C0E6684004F4202 /* OpenSans-Semibold.ttf */,
				F09470501C0E6684004F4202 /* OpenSans.ttf */,
			);
			name = "Fonts and Colors";
			sourceTree = "<group>";
		};
		F0C5B8A61C0640B50016FF6F /* Genetic Algorithm */ = {
			isa = PBXGroup;
			children = (
				F0C5B8A41C0640B10016FF6F /* GAViewController.swift */,
				F0C5B8A71C0640CB0016FF6F /* GAView.swift */,
			);
			name = "Genetic Algorithm";
			sourceTree = "<group>";
		};
		F0C5B8A91C0645D30016FF6F /* SwiftAI */ = {
			isa = PBXGroup;
			children = (
				F0C5B8AA1C0645E80016FF6F /* FFNN.swift */,
				F0C5B8AB1C0645E80016FF6F /* Storage.swift */,
				F074BC411C214F120061F59A /* FFNN+Storage.swift */,
			);
			name = SwiftAI;
			sourceTree = "<group>";
		};
/* End PBXGroup section */

/* Begin PBXNativeTarget section */
		F02FD2071C02B93400A137C2 /* Swift-AI-iOS */ = {
			isa = PBXNativeTarget;
			buildConfigurationList = F02FD21D1C02B93400A137C2 /* Build configuration list for PBXNativeTarget "Swift-AI-iOS" */;
			buildPhases = (
				F02FD2041C02B93400A137C2 /* Sources */,
				F02FD2051C02B93400A137C2 /* Frameworks */,
				F02FD2061C02B93400A137C2 /* Resources */,
				F0C5B89C1C0636D90016FF6F /* Embed Frameworks */,
			);
			buildRules = (
			);
			dependencies = (
			);
			name = "Swift-AI-iOS";
			productName = "Swift-AI-iOS";
			productReference = F02FD2081C02B93400A137C2 /* Swift AI.app */;
			productType = "com.apple.product-type.application";
		};
/* End PBXNativeTarget section */

/* Begin PBXProject section */
		F02FD2001C02B93400A137C2 /* Project object */ = {
			isa = PBXProject;
			attributes = {
				LastSwiftUpdateCheck = 0710;
				LastUpgradeCheck = 0820;
				ORGANIZATIONNAME = Appsidian;
				TargetAttributes = {
					F02FD2071C02B93400A137C2 = {
						CreatedOnToolsVersion = 7.1;
						DevelopmentTeam = 4Z58733BBB;
						LastSwiftMigration = 0800;
					};
				};
			};
			buildConfigurationList = F02FD2031C02B93400A137C2 /* Build configuration list for PBXProject "Swift-AI-iOS" */;
			compatibilityVersion = "Xcode 3.2";
			developmentRegion = English;
			hasScannedForEncodings = 0;
			knownRegions = (
				en,
				Base,
			);
			mainGroup = F02FD1FF1C02B93400A137C2;
			productRefGroup = F02FD2091C02B93400A137C2 /* Products */;
			projectDirPath = "";
			projectRoot = "";
			targets = (
				F02FD2071C02B93400A137C2 /* Swift-AI-iOS */,
			);
		};
/* End PBXProject section */

/* Begin PBXResourcesBuildPhase section */
		F02FD2061C02B93400A137C2 /* Resources */ = {
			isa = PBXResourcesBuildPhase;
			buildActionMask = 2147483647;
			files = (
				F09470531C0E6785004F4202 /* OpenSans-Bold.ttf in Resources */,
				F016BF961C24A2DE002E88B1 /* handwriting-learn-ffnn in Resources */,
				F09470541C0E6785004F4202 /* OpenSans-Italic.ttf in Resources */,
				F074BC441C2153780061F59A /* handwriting-ffnn in Resources */,
				F09470551C0E6785004F4202 /* OpenSans-Light.ttf in Resources */,
				F09470561C0E6785004F4202 /* OpenSans-LightItalic.ttf in Resources */,
				F09470571C0E6785004F4202 /* OpenSans-Semibold.ttf in Resources */,
				F09470581C0E6785004F4202 /* OpenSans.ttf in Resources */,
				F02FD2191C02B93400A137C2 /* LaunchScreen.storyboard in Resources */,
				F02FD2161C02B93400A137C2 /* Assets.xcassets in Resources */,
			);
			runOnlyForDeploymentPostprocessing = 0;
		};
/* End PBXResourcesBuildPhase section */

/* Begin PBXSourcesBuildPhase section */
		F02FD2041C02B93400A137C2 /* Sources */ = {
			isa = PBXSourcesBuildPhase;
			buildActionMask = 2147483647;
			files = (
				F0C5B8951C0634D10016FF6F /* DrawerView.swift in Sources */,
				F0C5B8AD1C0645E80016FF6F /* Storage.swift in Sources */,
				F0C5B8A01C0638680016FF6F /* Colors.swift in Sources */,
				F0C5B8AC1C0645E80016FF6F /* FFNN.swift in Sources */,
				F0C5B8961C0634D10016FF6F /* DrawerViewController.swift in Sources */,
				F0BDAA781CAEDA3F0000F481 /* APMultilineLabel.swift in Sources */,
				F0C5B8941C0634D10016FF6F /* DrawerNavigationController.swift in Sources */,
				F09470521C0E6695004F4202 /* Fonts.swift in Sources */,
				F0BDAA7B1CAEDABA0000F481 /* APBorderView.swift in Sources */,
				F0BDAA771CAEDA3F0000F481 /* APConstraints.swift in Sources */,
				F094704A1C0D2A2F004F4202 /* InfoView.swift in Sources */,
				F02FD20E1C02B93400A137C2 /* GraphViewController.swift in Sources */,
				F0C5B8A51C0640B10016FF6F /* GAViewController.swift in Sources */,
				F016BF981C24A2EB002E88B1 /* HandwritingLearnView.swift in Sources */,
				F0BDAA7D1CAEDB600000F481 /* APMath.swift in Sources */,
				F074BC421C214F120061F59A /* FFNN+Storage.swift in Sources */,
				F016BF931C24A2B2002E88B1 /* HandwritingLearnViewController.swift in Sources */,
				F0969D381C115815009C3B4A /* HandwritingView.swift in Sources */,
				F0C5B8A31C0638BB0016FF6F /* NavigationBar.swift in Sources */,
				F0BAD9EA1C0565AE001AD2AE /* GraphView.swift in Sources */,
				F02FD2141C02B93400A137C2 /* Swift_AI_iOS.xcdatamodeld in Sources */,
				F02FD20C1C02B93400A137C2 /* AppDelegate.swift in Sources */,
				F0C5B8A81C0640CB0016FF6F /* GAView.swift in Sources */,
				F0969D361C11580C009C3B4A /* HandwritingViewController.swift in Sources */,
				F0C5B8931C0634D10016FF6F /* DrawerCell.swift in Sources */,
				F0BDAA791CAEDA3F0000F481 /* APSpringButton.swift in Sources */,
			);
			runOnlyForDeploymentPostprocessing = 0;
		};
/* End PBXSourcesBuildPhase section */

/* Begin PBXVariantGroup section */
		F02FD2171C02B93400A137C2 /* LaunchScreen.storyboard */ = {
			isa = PBXVariantGroup;
			children = (
				F02FD2181C02B93400A137C2 /* Base */,
			);
			name = LaunchScreen.storyboard;
			sourceTree = "<group>";
		};
/* End PBXVariantGroup section */

/* Begin XCBuildConfiguration section */
		F02FD21B1C02B93400A137C2 /* Debug */ = {
			isa = XCBuildConfiguration;
			buildSettings = {
				ALWAYS_SEARCH_USER_PATHS = NO;
				CLANG_CXX_LANGUAGE_STANDARD = "gnu++0x";
				CLANG_CXX_LIBRARY = "libc++";
				CLANG_ENABLE_MODULES = YES;
				CLANG_ENABLE_OBJC_ARC = YES;
				CLANG_WARN_BOOL_CONVERSION = YES;
				CLANG_WARN_CONSTANT_CONVERSION = YES;
				CLANG_WARN_DIRECT_OBJC_ISA_USAGE = YES_ERROR;
				CLANG_WARN_EMPTY_BODY = YES;
				CLANG_WARN_ENUM_CONVERSION = YES;
				CLANG_WARN_INFINITE_RECURSION = YES;
				CLANG_WARN_INT_CONVERSION = YES;
				CLANG_WARN_OBJC_ROOT_CLASS = YES_ERROR;
				CLANG_WARN_SUSPICIOUS_MOVE = YES;
				CLANG_WARN_UNREACHABLE_CODE = YES;
				CLANG_WARN__DUPLICATE_METHOD_MATCH = YES;
				"CODE_SIGN_IDENTITY[sdk=iphoneos*]" = "iPhone Developer";
				COPY_PHASE_STRIP = NO;
				DEBUG_INFORMATION_FORMAT = dwarf;
				ENABLE_STRICT_OBJC_MSGSEND = YES;
				ENABLE_TESTABILITY = YES;
				GCC_C_LANGUAGE_STANDARD = gnu99;
				GCC_DYNAMIC_NO_PIC = NO;
				GCC_NO_COMMON_BLOCKS = YES;
				GCC_OPTIMIZATION_LEVEL = 0;
				GCC_PREPROCESSOR_DEFINITIONS = (
					"DEBUG=1",
					"$(inherited)",
				);
				GCC_WARN_64_TO_32_BIT_CONVERSION = YES;
				GCC_WARN_ABOUT_RETURN_TYPE = YES_ERROR;
				GCC_WARN_UNDECLARED_SELECTOR = YES;
				GCC_WARN_UNINITIALIZED_AUTOS = YES_AGGRESSIVE;
				GCC_WARN_UNUSED_FUNCTION = YES;
				GCC_WARN_UNUSED_VARIABLE = YES;
				IPHONEOS_DEPLOYMENT_TARGET = 9.1;
				MTL_ENABLE_DEBUG_INFO = YES;
				ONLY_ACTIVE_ARCH = YES;
				SDKROOT = iphoneos;
				SWIFT_OPTIMIZATION_LEVEL = "-Onone";
				TARGETED_DEVICE_FAMILY = "1,2";
			};
			name = Debug;
		};
		F02FD21C1C02B93400A137C2 /* Release */ = {
			isa = XCBuildConfiguration;
			buildSettings = {
				ALWAYS_SEARCH_USER_PATHS = NO;
				CLANG_CXX_LANGUAGE_STANDARD = "gnu++0x";
				CLANG_CXX_LIBRARY = "libc++";
				CLANG_ENABLE_MODULES = YES;
				CLANG_ENABLE_OBJC_ARC = YES;
				CLANG_WARN_BOOL_CONVERSION = YES;
				CLANG_WARN_CONSTANT_CONVERSION = YES;
				CLANG_WARN_DIRECT_OBJC_ISA_USAGE = YES_ERROR;
				CLANG_WARN_EMPTY_BODY = YES;
				CLANG_WARN_ENUM_CONVERSION = YES;
				CLANG_WARN_INFINITE_RECURSION = YES;
				CLANG_WARN_INT_CONVERSION = YES;
				CLANG_WARN_OBJC_ROOT_CLASS = YES_ERROR;
				CLANG_WARN_SUSPICIOUS_MOVE = YES;
				CLANG_WARN_UNREACHABLE_CODE = YES;
				CLANG_WARN__DUPLICATE_METHOD_MATCH = YES;
				"CODE_SIGN_IDENTITY[sdk=iphoneos*]" = "iPhone Developer";
				COPY_PHASE_STRIP = NO;
				DEBUG_INFORMATION_FORMAT = "dwarf-with-dsym";
				ENABLE_NS_ASSERTIONS = NO;
				ENABLE_STRICT_OBJC_MSGSEND = YES;
				GCC_C_LANGUAGE_STANDARD = gnu99;
				GCC_NO_COMMON_BLOCKS = YES;
				GCC_WARN_64_TO_32_BIT_CONVERSION = YES;
				GCC_WARN_ABOUT_RETURN_TYPE = YES_ERROR;
				GCC_WARN_UNDECLARED_SELECTOR = YES;
				GCC_WARN_UNINITIALIZED_AUTOS = YES_AGGRESSIVE;
				GCC_WARN_UNUSED_FUNCTION = YES;
				GCC_WARN_UNUSED_VARIABLE = YES;
				IPHONEOS_DEPLOYMENT_TARGET = 9.1;
				MTL_ENABLE_DEBUG_INFO = NO;
				SDKROOT = iphoneos;
				SWIFT_OPTIMIZATION_LEVEL = "-Owholemodule";
				TARGETED_DEVICE_FAMILY = "1,2";
				VALIDATE_PRODUCT = YES;
			};
			name = Release;
		};
		F02FD21E1C02B93400A137C2 /* Debug */ = {
			isa = XCBuildConfiguration;
			buildSettings = {
				ASSETCATALOG_COMPILER_APPICON_NAME = AppIcon;
				CODE_SIGN_IDENTITY = "iPhone Developer";
				FRAMEWORK_SEARCH_PATHS = "";
				INFOPLIST_FILE = "Swift-AI-iOS/Info.plist";
				IPHONEOS_DEPLOYMENT_TARGET = 8.0;
				LD_RUNPATH_SEARCH_PATHS = "$(inherited) @executable_path/Frameworks";
				PRODUCT_BUNDLE_IDENTIFIER = "com.Appsidian.Swift-AI-iOS";
				PRODUCT_NAME = "Swift AI";
				SWIFT_VERSION = 3.0;
				TARGETED_DEVICE_FAMILY = 1;
			};
			name = Debug;
		};
		F02FD21F1C02B93400A137C2 /* Release */ = {
			isa = XCBuildConfiguration;
			buildSettings = {
				ASSETCATALOG_COMPILER_APPICON_NAME = AppIcon;
				CODE_SIGN_IDENTITY = "iPhone Developer";
				FRAMEWORK_SEARCH_PATHS = "";
				INFOPLIST_FILE = "Swift-AI-iOS/Info.plist";
				IPHONEOS_DEPLOYMENT_TARGET = 8.0;
				LD_RUNPATH_SEARCH_PATHS = "$(inherited) @executable_path/Frameworks";
				PRODUCT_BUNDLE_IDENTIFIER = "com.Appsidian.Swift-AI-iOS";
				PRODUCT_NAME = "Swift AI";
				SWIFT_VERSION = 3.0;
				TARGETED_DEVICE_FAMILY = 1;
			};
			name = Release;
		};
/* End XCBuildConfiguration section */

/* Begin XCConfigurationList section */
		F02FD2031C02B93400A137C2 /* Build configuration list for PBXProject "Swift-AI-iOS" */ = {
			isa = XCConfigurationList;
			buildConfigurations = (
				F02FD21B1C02B93400A137C2 /* Debug */,
				F02FD21C1C02B93400A137C2 /* Release */,
			);
			defaultConfigurationIsVisible = 0;
			defaultConfigurationName = Release;
		};
		F02FD21D1C02B93400A137C2 /* Build configuration list for PBXNativeTarget "Swift-AI-iOS" */ = {
			isa = XCConfigurationList;
			buildConfigurations = (
				F02FD21E1C02B93400A137C2 /* Debug */,
				F02FD21F1C02B93400A137C2 /* Release */,
			);
			defaultConfigurationIsVisible = 0;
			defaultConfigurationName = Release;
		};
/* End XCConfigurationList section */

/* Begin XCVersionGroup section */
		F02FD2121C02B93400A137C2 /* Swift_AI_iOS.xcdatamodeld */ = {
			isa = XCVersionGroup;
			children = (
				F02FD2131C02B93400A137C2 /* Swift_AI_iOS.xcdatamodel */,
			);
			currentVersion = F02FD2131C02B93400A137C2 /* Swift_AI_iOS.xcdatamodel */;
			path = Swift_AI_iOS.xcdatamodeld;
			sourceTree = "<group>";
			versionGroupType = wrapper.xcdatamodel;
		};
/* End XCVersionGroup section */
	};
	rootObject = F02FD2001C02B93400A137C2 /* Project object */;
}
